# THIS IS AN AUTOGENERATED FILE. DO NOT EDIT THIS FILE DIRECTLY.
# yarn lockfile v1


vips@^1.0.0:
  version "1.0.0"
  resolved "https://registry.yarnpkg.com/vips/-/vips-1.0.0.tgz#c028772d8fcb5e92c30cd431538c416347d2d593"
  integrity sha512-pGAXIp15C8EgUwBiXAuGTeAqaQecTejiD2VjvDHMJLYOOlb8oWesNjxQAlVjoyoKNDA6DTKALw9AadJ82Xf09A==
